
Microsoft Visual Studio Solution File, Format Version 12.00
# Visual Studio Version 17
VisualStudioVersion = 17.3.32825.248
MinimumVisualStudioVersion = 10.0.40219.1
Project("{9A19103F-16F7-4668-BE54-9A1E7A4F7556}") = "ToDo.WebApi.Interface", "ToDo.WebApi.Interface\ToDo.WebApi.Interface.csproj", "{FCE7144F-9246-43BF-9C0F-95FF95119EE7}"
EndProject
Project("{9A19103F-16F7-4668-BE54-9A1E7A4F7556}") = "ToDo.WebApi.Infrastructure", "ToDo.WebApi.Infrastructure\ToDo.WebApi.Infrastructure.csproj", "{8B8F549C-DA85-471A-A63D-0852B1E62312}"
EndProject
Project("{9A19103F-16F7-4668-BE54-9A1E7A4F7556}") = "ToDo.WebApi.Domain", "ToDo.WebApi.Domain\ToDo.WebApi.Domain.csproj", "{ECA205A4-F150-4EDB-A0E9-C010A70A3121}"
EndProject
Project("{9A19103F-16F7-4668-BE54-9A1E7A4F7556}") = "ToDo.WebApi.Application", "ToDo.WebApi.Application\ToDo.WebApi.Application.csproj", "{4079077A-B959-4F02-B35D-DCE1961D5493}"
EndProject
Project("{2150E333-8FDC-42A3-9474-1A3956D46DE8}") = "Solution Items", "Solution Items", "{788863EC-AEE6-483D-A7CE-ACEBBFE172DA}"
	ProjectSection(SolutionItems) = preProject
		docker-compose.yml = docker-compose.yml
		ToDo.WebApi.Interface\dockerfile = ToDo.WebApi.Interface\dockerfile
	EndProjectSection
EndProject
Project("{9A19103F-16F7-4668-BE54-9A1E7A4F7556}") = "ToDo.WebApi.Tests.Unit", "ToDo.WebApi.Tests\ToDo.WebApi.Tests.Unit.csproj", "{B225EC9F-CF10-4DBB-9DB9-F19578FD1541}"
EndProject
Project("{9A19103F-16F7-4668-BE54-9A1E7A4F7556}") = "WebApi.Framework", "..\webapi-framework\WebApi.Framework.csproj", "{8EA370A8-31CF-4F2C-80A3-7DF485DDEFE0}"
EndProject
Project("{9A19103F-16F7-4668-BE54-9A1E7A4F7556}") = "Todo.WebApi.Tests.Integration", "Todo.WebApi.Tests.Integration\Todo.WebApi.Tests.Integration.csproj", "{F5B2EAFA-F983-4A61-8965-0C12C53F7324}"
EndProject
Project("{9A19103F-16F7-4668-BE54-9A1E7A4F7556}") = "ToDo.WebApi.Tests.Acceptance", "ToDo.WebApi.Tests.Acceptance\ToDo.WebApi.Tests.Acceptance.csproj", "{2E362442-4F2D-4165-B9DB-A1ABF12EA697}"
EndProject
Project("{9A19103F-16F7-4668-BE54-9A1E7A4F7556}") = "ToDo.WebApi.Tests.Domain", "ToDo.WebApi.Tests.Domain\ToDo.WebApi.Tests.Domain.csproj", "{0A0E5F0F-5329-4ECA-B7B3-FE2FC52646A1}"
EndProject
Project("{9A19103F-16F7-4668-BE54-9A1E7A4F7556}") = "ToDo.WebApi.Tests.Integration.MockApis", "ToDo.WebApi.Tests.Integration.MockApis\ToDo.WebApi.Tests.Integration.MockApis.csproj", "{BA928923-9158-4DB8-A07B-C10D20E386E2}"
EndProject
Project("{2150E333-8FDC-42A3-9474-1A3956D46DE8}") = "Tests", "Tests", "{AD4F9B8C-D8EA-4CA5-9B70-159C1F390524}"
EndProject
Project("{FAE04EC0-301F-11D3-BF4B-00C04F79EFBC}") = "ToDo.WebApi.Startup", "ToDo.WebApi.Startup\ToDo.WebApi.Startup.csproj", "{D7FA9C49-FBFF-4999-85E9-043D43FC7820}"
EndProject
Global
	GlobalSection(SolutionConfigurationPlatforms) = preSolution
		Debug|Any CPU = Debug|Any CPU
		Release|Any CPU = Release|Any CPU
	EndGlobalSection
	GlobalSection(ProjectConfigurationPlatforms) = postSolution
		{FCE7144F-9246-43BF-9C0F-95FF95119EE7}.Debug|Any CPU.ActiveCfg = Debug|Any CPU
		{FCE7144F-9246-43BF-9C0F-95FF95119EE7}.Debug|Any CPU.Build.0 = Debug|Any CPU
		{FCE7144F-9246-43BF-9C0F-95FF95119EE7}.Release|Any CPU.ActiveCfg = Release|Any CPU
		{FCE7144F-9246-43BF-9C0F-95FF95119EE7}.Release|Any CPU.Build.0 = Release|Any CPU
		{8B8F549C-DA85-471A-A63D-0852B1E62312}.Debug|Any CPU.ActiveCfg = Debug|Any CPU
		{8B8F549C-DA85-471A-A63D-0852B1E62312}.Debug|Any CPU.Build.0 = Debug|Any CPU
		{8B8F549C-DA85-471A-A63D-0852B1E62312}.Release|Any CPU.ActiveCfg = Release|Any CPU
		{8B8F549C-DA85-471A-A63D-0852B1E62312}.Release|Any CPU.Build.0 = Release|Any CPU
		{ECA205A4-F150-4EDB-A0E9-C010A70A3121}.Debug|Any CPU.ActiveCfg = Debug|Any CPU
		{ECA205A4-F150-4EDB-A0E9-C010A70A3121}.Debug|Any CPU.Build.0 = Debug|Any CPU
		{ECA205A4-F150-4EDB-A0E9-C010A70A3121}.Release|Any CPU.ActiveCfg = Release|Any CPU
		{ECA205A4-F150-4EDB-A0E9-C010A70A3121}.Release|Any CPU.Build.0 = Release|Any CPU
		{4079077A-B959-4F02-B35D-DCE1961D5493}.Debug|Any CPU.ActiveCfg = Debug|Any CPU
		{4079077A-B959-4F02-B35D-DCE1961D5493}.Debug|Any CPU.Build.0 = Debug|Any CPU
		{4079077A-B959-4F02-B35D-DCE1961D5493}.Release|Any CPU.ActiveCfg = Release|Any CPU
		{4079077A-B959-4F02-B35D-DCE1961D5493}.Release|Any CPU.Build.0 = Release|Any CPU
		{B225EC9F-CF10-4DBB-9DB9-F19578FD1541}.Debug|Any CPU.ActiveCfg = Debug|Any CPU
		{B225EC9F-CF10-4DBB-9DB9-F19578FD1541}.Debug|Any CPU.Build.0 = Debug|Any CPU
		{B225EC9F-CF10-4DBB-9DB9-F19578FD1541}.Release|Any CPU.ActiveCfg = Release|Any CPU
		{B225EC9F-CF10-4DBB-9DB9-F19578FD1541}.Release|Any CPU.Build.0 = Release|Any CPU
		{8EA370A8-31CF-4F2C-80A3-7DF485DDEFE0}.Debug|Any CPU.ActiveCfg = Debug|Any CPU
		{8EA370A8-31CF-4F2C-80A3-7DF485DDEFE0}.Debug|Any CPU.Build.0 = Debug|Any CPU
		{8EA370A8-31CF-4F2C-80A3-7DF485DDEFE0}.Release|Any CPU.ActiveCfg = Release|Any CPU
		{8EA370A8-31CF-4F2C-80A3-7DF485DDEFE0}.Release|Any CPU.Build.0 = Release|Any CPU
		{F5B2EAFA-F983-4A61-8965-0C12C53F7324}.Debug|Any CPU.ActiveCfg = Debug|Any CPU
		{F5B2EAFA-F983-4A61-8965-0C12C53F7324}.Debug|Any CPU.Build.0 = Debug|Any CPU
		{F5B2EAFA-F983-4A61-8965-0C12C53F7324}.Release|Any CPU.ActiveCfg = Release|Any CPU
		{F5B2EAFA-F983-4A61-8965-0C12C53F7324}.Release|Any CPU.Build.0 = Release|Any CPU
		{2E362442-4F2D-4165-B9DB-A1ABF12EA697}.Debug|Any CPU.ActiveCfg = Debug|Any CPU
		{2E362442-4F2D-4165-B9DB-A1ABF12EA697}.Debug|Any CPU.Build.0 = Debug|Any CPU
		{2E362442-4F2D-4165-B9DB-A1ABF12EA697}.Release|Any CPU.ActiveCfg = Release|Any CPU
		{2E362442-4F2D-4165-B9DB-A1ABF12EA697}.Release|Any CPU.Build.0 = Release|Any CPU
		{0A0E5F0F-5329-4ECA-B7B3-FE2FC52646A1}.Debug|Any CPU.ActiveCfg = Debug|Any CPU
		{0A0E5F0F-5329-4ECA-B7B3-FE2FC52646A1}.Debug|Any CPU.Build.0 = Debug|Any CPU
		{0A0E5F0F-5329-4ECA-B7B3-FE2FC52646A1}.Release|Any CPU.ActiveCfg = Release|Any CPU
		{0A0E5F0F-5329-4ECA-B7B3-FE2FC52646A1}.Release|Any CPU.Build.0 = Release|Any CPU
		{BA928923-9158-4DB8-A07B-C10D20E386E2}.Debug|Any CPU.ActiveCfg = Debug|Any CPU
		{BA928923-9158-4DB8-A07B-C10D20E386E2}.Debug|Any CPU.Build.0 = Debug|Any CPU
		{BA928923-9158-4DB8-A07B-C10D20E386E2}.Release|Any CPU.ActiveCfg = Release|Any CPU
		{BA928923-9158-4DB8-A07B-C10D20E386E2}.Release|Any CPU.Build.0 = Release|Any CPU
		{D7FA9C49-FBFF-4999-85E9-043D43FC7820}.Debug|Any CPU.ActiveCfg = Debug|Any CPU
		{D7FA9C49-FBFF-4999-85E9-043D43FC7820}.Debug|Any CPU.Build.0 = Debug|Any CPU
		{D7FA9C49-FBFF-4999-85E9-043D43FC7820}.Release|Any CPU.ActiveCfg = Release|Any CPU
		{D7FA9C49-FBFF-4999-85E9-043D43FC7820}.Release|Any CPU.Build.0 = Release|Any CPU
	EndGlobalSection
	GlobalSection(SolutionProperties) = preSolution
		HideSolutionNode = FALSE
	EndGlobalSection
	GlobalSection(NestedProjects) = preSolution
		{B225EC9F-CF10-4DBB-9DB9-F19578FD1541} = {AD4F9B8C-D8EA-4CA5-9B70-159C1F390524}
		{F5B2EAFA-F983-4A61-8965-0C12C53F7324} = {AD4F9B8C-D8EA-4CA5-9B70-159C1F390524}
		{2E362442-4F2D-4165-B9DB-A1ABF12EA697} = {AD4F9B8C-D8EA-4CA5-9B70-159C1F390524}
		{0A0E5F0F-5329-4ECA-B7B3-FE2FC52646A1} = {AD4F9B8C-D8EA-4CA5-9B70-159C1F390524}
		{BA928923-9158-4DB8-A07B-C10D20E386E2} = {AD4F9B8C-D8EA-4CA5-9B70-159C1F390524}
	EndGlobalSection
	GlobalSection(ExtensibilityGlobals) = postSolution
		SolutionGuid = {11585B0A-63D3-4200-A9BC-C57B48C29E53}
	EndGlobalSection
EndGlobal
